{
  "name": "desktop-security-qa-agent",
  "version": "0.1.0",
  "lockfileVersion": 3,
  "requires": true,
  "packages": {
    "": {
      "name": "desktop-security-qa-agent",
      "version": "0.1.0",
      "license": "UNLICENSED",
      "workspaces": [
        "apps/*",
        "packages/*"
      ]
    },
    "apps/desktop": {
      "name": "@desktop-security-qa-agent/desktop",
      "version": "0.1.0"
    },
    "node_modules/@desktop-security-qa-agent/contracts": {
      "resolved": "packages/contracts",
      "link": true
    },
    "node_modules/@desktop-security-qa-agent/desktop": {
      "resolved": "apps/desktop",
      "link": true
    },
    "node_modules/@desktop-security-qa-agent/report-templates": {
      "resolved": "packages/report-templates",
      "link": true
    },
    "packages/contracts": {
      "name": "@desktop-security-qa-agent/contracts",
      "version": "0.1.0"
    },
    "packages/report-templates": {
      "name": "@desktop-security-qa-agent/report-templates",
      "version": "0.1.0"
    }
  }
}
